
Microsoft Visual Studio Solution File, Format Version 12.00
# Visual Studio Version 16
VisualStudioVersion = 16.0.31313.79
MinimumVisualStudioVersion = 10.0.40219.1
Project("{FAE04EC0-301F-11D3-BF4B-00C04F79EFBC}") = "KareCizenProgram", "KareCizenProgram\KareCizenProgram.csproj", "{91A7B684-F909-421F-9927-3E2E4BEB59D1}"
EndProject
Global
	GlobalSection(SolutionConfigurationPlatforms) = preSolution
		Debug|Any CPU = Debug|Any CPU
		Release|Any CPU = Release|Any CPU
	EndGlobalSection
	GlobalSection(ProjectConfigurationPlatforms) = postSolution
		{91A7B684-F909-421F-9927-3E2E4BEB59D1}.Debug|Any CPU.ActiveCfg = Debug|Any CPU
		{91A7B684-F909-421F-9927-3E2E4BEB59D1}.Debug|Any CPU.Build.0 = Debug|Any CPU
		{91A7B684-F909-421F-9927-3E2E4BEB59D1}.Release|Any CPU.ActiveCfg = Release|Any CPU
		{91A7B684-F909-421F-9927-3E2E4BEB59D1}.Release|Any CPU.Build.0 = Release|Any CPU
	EndGlobalSection
	GlobalSection(SolutionProperties) = preSolution
		HideSolutionNode = FALSE
	EndGlobalSection
	GlobalSection(ExtensibilityGlobals) = postSolution
		SolutionGuid = {2CB48F75-846E-4C49-9E5F-94A6639D6DE9}
	EndGlobalSection
EndGlobal
